
Microsoft Visual Studio Solution File, Format Version 11.00
# Visual Studio 2010
# SharpDevelop 5.1
Project("{FAE04EC0-301F-11D3-BF4B-00C04F79EFBC}") = "ListaFuncionários", "ListaFuncionários\ListaFuncionários.csproj", "{98DB0D18-4BF0-49A0-AF4F-1895CE4B86EC}"
EndProject
Global
	GlobalSection(SolutionConfigurationPlatforms) = preSolution
		Debug|Any CPU = Debug|Any CPU
		Release|Any CPU = Release|Any CPU
	EndGlobalSection
	GlobalSection(ProjectConfigurationPlatforms) = postSolution
		{98DB0D18-4BF0-49A0-AF4F-1895CE4B86EC}.Debug|Any CPU.ActiveCfg = Debug|Any CPU
		{98DB0D18-4BF0-49A0-AF4F-1895CE4B86EC}.Debug|Any CPU.Build.0 = Debug|Any CPU
		{98DB0D18-4BF0-49A0-AF4F-1895CE4B86EC}.Release|Any CPU.ActiveCfg = Release|Any CPU
		{98DB0D18-4BF0-49A0-AF4F-1895CE4B86EC}.Release|Any CPU.Build.0 = Release|Any CPU
	EndGlobalSection
EndGlobal
